
Microsoft Visual Studio Solution File, Format Version 12.00
# Visual Studio Version 16
VisualStudioVersion = 16.0.30711.63
MinimumVisualStudioVersion = 10.0.40219.1
Project("{FAE04EC0-301F-11D3-BF4B-00C04F79EFBC}") = "MGURequester", "MGURequester\MGURequester.csproj", "{939BA312-7051-4EE3-ADA9-2D415CAECC8C}"
EndProject
Global
	GlobalSection(SolutionConfigurationPlatforms) = preSolution
		Debug|Any CPU = Debug|Any CPU
		Release|Any CPU = Release|Any CPU
	EndGlobalSection
	GlobalSection(ProjectConfigurationPlatforms) = postSolution
		{939BA312-7051-4EE3-ADA9-2D415CAECC8C}.Debug|Any CPU.ActiveCfg = Debug|Any CPU
		{939BA312-7051-4EE3-ADA9-2D415CAECC8C}.Debug|Any CPU.Build.0 = Debug|Any CPU
		{939BA312-7051-4EE3-ADA9-2D415CAECC8C}.Release|Any CPU.ActiveCfg = Release|Any CPU
		{939BA312-7051-4EE3-ADA9-2D415CAECC8C}.Release|Any CPU.Build.0 = Release|Any CPU
	EndGlobalSection
	GlobalSection(SolutionProperties) = preSolution
		HideSolutionNode = FALSE
	EndGlobalSection
	GlobalSection(ExtensibilityGlobals) = postSolution
		SolutionGuid = {A228AFBE-251E-45A5-996F-428CD40F7853}
	EndGlobalSection
EndGlobal
